
Microsoft Visual Studio Solution File, Format Version 12.00
# Visual Studio Version 16
VisualStudioVersion = 16.0.31005.135
MinimumVisualStudioVersion = 10.0.40219.1
Project("{8BC9CEB8-8B4A-11D0-8D11-00A0C91BC942}") = "Game-1", "Game-1\Game-1.vcxproj", "{07FFF7E1-7C13-48AC-A639-45C30CE1880F}"
EndProject
Global
	GlobalSection(SolutionConfigurationPlatforms) = preSolution
		Debug|x64 = Debug|x64
		Debug|x86 = Debug|x86
		Release|x64 = Release|x64
		Release|x86 = Release|x86
	EndGlobalSection
	GlobalSection(ProjectConfigurationPlatforms) = postSolution
		{07FFF7E1-7C13-48AC-A639-45C30CE1880F}.Debug|x64.ActiveCfg = Debug|x64
		{07FFF7E1-7C13-48AC-A639-45C30CE1880F}.Debug|x64.Build.0 = Debug|x64
		{07FFF7E1-7C13-48AC-A639-45C30CE1880F}.Debug|x86.ActiveCfg = Debug|Win32
		{07FFF7E1-7C13-48AC-A639-45C30CE1880F}.Debug|x86.Build.0 = Debug|Win32
		{07FFF7E1-7C13-48AC-A639-45C30CE1880F}.Release|x64.ActiveCfg = Release|x64
		{07FFF7E1-7C13-48AC-A639-45C30CE1880F}.Release|x64.Build.0 = Release|x64
		{07FFF7E1-7C13-48AC-A639-45C30CE1880F}.Release|x86.ActiveCfg = Release|Win32
		{07FFF7E1-7C13-48AC-A639-45C30CE1880F}.Release|x86.Build.0 = Release|Win32
	EndGlobalSection
	GlobalSection(SolutionProperties) = preSolution
		HideSolutionNode = FALSE
	EndGlobalSection
	GlobalSection(ExtensibilityGlobals) = postSolution
		SolutionGuid = {1EF925A8-E34F-4789-9BE7-F3C67E26A73E}
	EndGlobalSection
EndGlobal
